
Microsoft Visual Studio Solution File, Format Version 12.00
# Visual Studio Version 17
VisualStudioVersion = 17.8.34330.188
MinimumVisualStudioVersion = 10.0.40219.1
Project("{FAE04EC0-301F-11D3-BF4B-00C04F79EFBC}") = "Dotnet-Rpg-Project", "Dotnet-Rpg-Project.csproj", "{DAD53FB3-7161-45B3-AE7A-1A29DFE02D12}"
EndProject
Global
	GlobalSection(SolutionConfigurationPlatforms) = preSolution
		Debug|Any CPU = Debug|Any CPU
		Release|Any CPU = Release|Any CPU
	EndGlobalSection
	GlobalSection(ProjectConfigurationPlatforms) = postSolution
		{DAD53FB3-7161-45B3-AE7A-1A29DFE02D12}.Debug|Any CPU.ActiveCfg = Debug|Any CPU
		{DAD53FB3-7161-45B3-AE7A-1A29DFE02D12}.Debug|Any CPU.Build.0 = Debug|Any CPU
		{DAD53FB3-7161-45B3-AE7A-1A29DFE02D12}.Release|Any CPU.ActiveCfg = Release|Any CPU
		{DAD53FB3-7161-45B3-AE7A-1A29DFE02D12}.Release|Any CPU.Build.0 = Release|Any CPU
	EndGlobalSection
	GlobalSection(SolutionProperties) = preSolution
		HideSolutionNode = FALSE
	EndGlobalSection
	GlobalSection(ExtensibilityGlobals) = postSolution
		SolutionGuid = {84CE6C1E-5736-4D51-AD73-993683080AE2}
	EndGlobalSection
EndGlobal
